// !$*UTF8*$!
{
	archiveVersion = 1;
	classes = {
	};
	objectVersion = 46;
	objects = {

/* Begin PBXBuildFile section */
		F64494321A156F9600704B85 /* AppDelegate.swift in Sources */ = {isa = PBXBuildFile; fileRef = F64494311A156F9600704B85 /* AppDelegate.swift */; };
		F64494351A156F9600704B85 /* Sleep_Guard.xcdatamodeld in Sources */ = {isa = PBXBuildFile; fileRef = F64494331A156F9600704B85 /* Sleep_Guard.xcdatamodeld */; };
		F64494371A156F9600704B85 /* ViewController.swift in Sources */ = {isa = PBXBuildFile; fileRef = F64494361A156F9600704B85 /* ViewController.swift */; };
		F644943A1A156F9600704B85 /* Main.storyboard in Resources */ = {isa = PBXBuildFile; fileRef = F64494381A156F9600704B85 /* Main.storyboard */; };
		F644943C1A156F9600704B85 /* Images.xcassets in Resources */ = {isa = PBXBuildFile; fileRef = F644943B1A156F9600704B85 /* Images.xcassets */; };
		F644943F1A156F9600704B85 /* LaunchScreen.xib in Resources */ = {isa = PBXBuildFile; fileRef = F644943D1A156F9600704B85 /* LaunchScreen.xib */; };
		F644944B1A156F9600704B85 /* Sleep_GuardTests.swift in Sources */ = {isa = PBXBuildFile; fileRef = F644944A1A156F9600704B85 /* Sleep_GuardTests.swift */; };
/* End PBXBuildFile section */

/* Begin PBXContainerItemProxy section */
		F64494451A156F9600704B85 /* PBXContainerItemProxy */ = {
			isa = PBXContainerItemProxy;
			containerPortal = F64494241A156F9600704B85 /* Project object */;
			proxyType = 1;
			remoteGlobalIDString = F644942B1A156F9600704B85;
			remoteInfo = "Sleep Guard";
		};
/* End PBXContainerItemProxy section */

/* Begin PBXFileReference section */
		F644942C1A156F9600704B85 /* Sleep Guard.app */ = {isa = PBXFileReference; explicitFileType = wrapper.application; includeInIndex = 0; path = "Sleep Guard.app"; sourceTree = BUILT_PRODUCTS_DIR; };
		F64494301A156F9600704B85 /* Info.plist */ = {isa = PBXFileReference; lastKnownFileType = text.plist.xml; path = Info.plist; sourceTree = "<group>"; };
		F64494311A156F9600704B85 /* AppDelegate.swift */ = {isa = PBXFileReference; lastKnownFileType = sourcecode.swift; path = AppDelegate.swift; sourceTree = "<group>"; };
		F64494341A156F9600704B85 /* Sleep_Guard.xcdatamodel */ = {isa = PBXFileReference; lastKnownFileType = wrapper.xcdatamodel; path = Sleep_Guard.xcdatamodel; sourceTree = "<group>"; };
		F64494361A156F9600704B85 /* ViewController.swift */ = {isa = PBXFileReference; lastKnownFileType = sourcecode.swift; path = ViewController.swift; sourceTree = "<group>"; };
		F64494391A156F9600704B85 /* Base */ = {isa = PBXFileReference; lastKnownFileType = file.storyboard; name = Base; path = Base.lproj/Main.storyboard; sourceTree = "<group>"; };
		F644943B1A156F9600704B85 /* Images.xcassets */ = {isa = PBXFileReference; lastKnownFileType = folder.assetcatalog; path = Images.xcassets; sourceTree = "<group>"; };
		F644943E1A156F9600704B85 /* Base */ = {isa = PBXFileReference; lastKnownFileType = file.xib; name = Base; path = Base.lproj/LaunchScreen.xib; sourceTree = "<group>"; };
		F64494441A156F9600704B85 /* Sleep GuardTests.xctest */ = {isa = PBXFileReference; explicitFileType = wrapper.cfbundle; includeInIndex = 0; path = "Sleep GuardTests.xctest"; sourceTree = BUILT_PRODUCTS_DIR; };
		F64494491A156F9600704B85 /* Info.plist */ = {isa = PBXFileReference; lastKnownFileType = text.plist.xml; path = Info.plist; sourceTree = "<group>"; };
		F644944A1A156F9600704B85 /* Sleep_GuardTests.swift */ = {isa = PBXFileReference; lastKnownFileType = sourcecode.swift; path = Sleep_GuardTests.swift; sourceTree = "<group>"; };
/* End PBXFileReference section */

/* Begin PBXFrameworksBuildPhase section */
		F64494291A156F9600704B85 /* Frameworks */ = {
			isa = PBXFrameworksBuildPhase;
			buildActionMask = 2147483647;
			files = (
			);
			runOnlyForDeploymentPostprocessing = 0;
		};
		F64494411A156F9600704B85 /* Frameworks */ = {
			isa = PBXFrameworksBuildPhase;
			buildActionMask = 2147483647;
			files = (
			);
			runOnlyForDeploymentPostprocessing = 0;
		};
/* End PBXFrameworksBuildPhase section */

/* Begin PBXGroup section */
		F64494231A156F9600704B85 = {
			isa = PBXGroup;
			children = (
				F644942E1A156F9600704B85 /* Sleep Guard */,
				F64494471A156F9600704B85 /* Sleep GuardTests */,
				F644942D1A156F9600704B85 /* Products */,
			);
			sourceTree = "<group>";
		};
		F644942D1A156F9600704B85 /* Products */ = {
			isa = PBXGroup;
			children = (
				F644942C1A156F9600704B85 /* Sleep Guard.app */,
				F64494441A156F9600704B85 /* Sleep GuardTests.xctest */,
			);
			name = Products;
			sourceTree = "<group>";
		};
		F644942E1A156F9600704B85 /* Sleep Guard */ = {
			isa = PBXGroup;
			children = (
				F64494311A156F9600704B85 /* AppDelegate.swift */,
				F64494361A156F9600704B85 /* ViewController.swift */,
				F64494381A156F9600704B85 /* Main.storyboard */,
				F644943B1A156F9600704B85 /* Images.xcassets */,
				F644943D1A156F9600704B85 /* LaunchScreen.xib */,
				F64494331A156F9600704B85 /* Sleep_Guard.xcdatamodeld */,
				F644942F1A156F9600704B85 /* Supporting Files */,
			);
			path = "Sleep Guard";
			sourceTree = "<group>";
		};
		F644942F1A156F9600704B85 /* Supporting Files */ = {
			isa = PBXGroup;
			children = (
				F64494301A156F9600704B85 /* Info.plist */,
			);
			name = "Supporting Files";
			sourceTree = "<group>";
		};
		F64494471A156F9600704B85 /* Sleep GuardTests */ = {
			isa = PBXGroup;
			children = (
				F644944A1A156F9600704B85 /* Sleep_GuardTests.swift */,
				F64494481A156F9600704B85 /* Supporting Files */,
			);
			path = "Sleep GuardTests";
			sourceTree = "<group>";
		};
		F64494481A156F9600704B85 /* Supporting Files */ = {
			isa = PBXGroup;
			children = (
				F64494491A156F9600704B85 /* Info.plist */,
			);
			name = "Supporting Files";
			sourceTree = "<group>";
		};
/* End PBXGroup section */

/* Begin PBXNativeTarget section */
		F644942B1A156F9600704B85 /* Sleep Guard */ = {
			isa = PBXNativeTarget;
			buildConfigurationList = F644944E1A156F9600704B85 /* Build configuration list for PBXNativeTarget "Sleep Guard" */;
			buildPhases = (
				F64494281A156F9600704B85 /* Sources */,
				F64494291A156F9600704B85 /* Frameworks */,
				F644942A1A156F9600704B85 /* Resources */,
			);
			buildRules = (
			);
			dependencies = (
			);
			name = "Sleep Guard";
			productName = "Sleep Guard";
			productReference = F644942C1A156F9600704B85 /* Sleep Guard.app */;
			productType = "com.apple.product-type.application";
		};
		F64494431A156F9600704B85 /* Sleep GuardTests */ = {
			isa = PBXNativeTarget;
			buildConfigurationList = F64494511A156F9600704B85 /* Build configuration list for PBXNativeTarget "Sleep GuardTests" */;
			buildPhases = (
				F64494401A156F9600704B85 /* Sources */,
				F64494411A156F9600704B85 /* Frameworks */,
				F64494421A156F9600704B85 /* Resources */,
			);
			buildRules = (
			);
			dependencies = (
				F64494461A156F9600704B85 /* PBXTargetDependency */,
			);
			name = "Sleep GuardTests";
			productName = "Sleep GuardTests";
			productReference = F64494441A156F9600704B85 /* Sleep GuardTests.xctest */;
			productType = "com.apple.product-type.bundle.unit-test";
		};
/* End PBXNativeTarget section */

/* Begin PBXProject section */
		F64494241A156F9600704B85 /* Project object */ = {
			isa = PBXProject;
			attributes = {
				LastUpgradeCheck = 0610;
				ORGANIZATIONNAME = tobynextdoor;
				TargetAttributes = {
					F644942B1A156F9600704B85 = {
						CreatedOnToolsVersion = 6.1;
					};
					F64494431A156F9600704B85 = {
						CreatedOnToolsVersion = 6.1;
						TestTargetID = F644942B1A156F9600704B85;
					};
				};
			};
			buildConfigurationList = F64494271A156F9600704B85 /* Build configuration list for PBXProject "Sleep Guard" */;
			compatibilityVersion = "Xcode 3.2";
			developmentRegion = English;
			hasScannedForEncodings = 0;
			knownRegions = (
				en,
				Base,
			);
			mainGroup = F64494231A156F9600704B85;
			productRefGroup = F644942D1A156F9600704B85 /* Products */;
			projectDirPath = "";
			projectRoot = "";
			targets = (
				F644942B1A156F9600704B85 /* Sleep Guard */,
				F64494431A156F9600704B85 /* Sleep GuardTests */,
			);
		};
/* End PBXProject section */

/* Begin PBXResourcesBuildPhase section */
		F644942A1A156F9600704B85 /* Resources */ = {
			isa = PBXResourcesBuildPhase;
			buildActionMask = 2147483647;
			files = (
				F644943A1A156F9600704B85 /* Main.storyboard in Resources */,
				F644943F1A156F9600704B85 /* LaunchScreen.xib in Resources */,
				F644943C1A156F9600704B85 /* Images.xcassets in Resources */,
			);
			runOnlyForDeploymentPostprocessing = 0;
		};
		F64494421A156F9600704B85 /* Resources */ = {
			isa = PBXResourcesBuildPhase;
			buildActionMask = 2147483647;
			files = (
			);
			runOnlyForDeploymentPostprocessing = 0;
		};
/* End PBXResourcesBuildPhase section */

/* Begin PBXSourcesBuildPhase section */
		F64494281A156F9600704B85 /* Sources */ = {
			isa = PBXSourcesBuildPhase;
			buildActionMask = 2147483647;
			files = (
				F64494371A156F9600704B85 /* ViewController.swift in Sources */,
				F64494321A156F9600704B85 /* AppDelegate.swift in Sources */,
				F64494351A156F9600704B85 /* Sleep_Guard.xcdatamodeld in Sources */,
			);
			runOnlyForDeploymentPostprocessing = 0;
		};
		F64494401A156F9600704B85 /* Sources */ = {
			isa = PBXSourcesBuildPhase;
			buildActionMask = 2147483647;
			files = (
				F644944B1A156F9600704B85 /* Sleep_GuardTests.swift in Sources */,
			);
			runOnlyForDeploymentPostprocessing = 0;
		};
/* End PBXSourcesBuildPhase section */

/* Begin PBXTargetDependency section */
		F64494461A156F9600704B85 /* PBXTargetDependency */ = {
			isa = PBXTargetDependency;
			target = F644942B1A156F9600704B85 /* Sleep Guard */;
			targetProxy = F64494451A156F9600704B85 /* PBXContainerItemProxy */;
		};
/* End PBXTargetDependency section */

/* Begin PBXVariantGroup section */
		F64494381A156F9600704B85 /* Main.storyboard */ = {
			isa = PBXVariantGroup;
			children = (
				F64494391A156F9600704B85 /* Base */,
			);
			name = Main.storyboard;
			sourceTree = "<group>";
		};
		F644943D1A156F9600704B85 /* LaunchScreen.xib */ = {
			isa = PBXVariantGroup;
			children = (
				F644943E1A156F9600704B85 /* Base */,
			);
			name = LaunchScreen.xib;
			sourceTree = "<group>";
		};
/* End PBXVariantGroup section */

/* Begin XCBuildConfiguration section */
		F644944C1A156F9600704B85 /* Debug */ = {
			isa = XCBuildConfiguration;
			buildSettings = {
				ALWAYS_SEARCH_USER_PATHS = NO;
				CLANG_CXX_LANGUAGE_STANDARD = "gnu++0x";
				CLANG_CXX_LIBRARY = "libc++";
				CLANG_ENABLE_MODULES = YES;
				CLANG_ENABLE_OBJC_ARC = YES;
				CLANG_WARN_BOOL_CONVERSION = YES;
				CLANG_WARN_CONSTANT_CONVERSION = YES;
				CLANG_WARN_DIRECT_OBJC_ISA_USAGE = YES_ERROR;
				CLANG_WARN_EMPTY_BODY = YES;
				CLANG_WARN_ENUM_CONVERSION = YES;
				CLANG_WARN_INT_CONVERSION = YES;
				CLANG_WARN_OBJC_ROOT_CLASS = YES_ERROR;
				CLANG_WARN_UNREACHABLE_CODE = YES;
				CLANG_WARN__DUPLICATE_METHOD_MATCH = YES;
				"CODE_SIGN_IDENTITY[sdk=iphoneos*]" = "iPhone Developer";
				COPY_PHASE_STRIP = NO;
				ENABLE_STRICT_OBJC_MSGSEND = YES;
				GCC_C_LANGUAGE_STANDARD = gnu99;
				GCC_DYNAMIC_NO_PIC = NO;
				GCC_OPTIMIZATION_LEVEL = 0;
				GCC_PREPROCESSOR_DEFINITIONS = (
					"DEBUG=1",
					"$(inherited)",
				);
				GCC_SYMBOLS_PRIVATE_EXTERN = NO;
				GCC_WARN_64_TO_32_BIT_CONVERSION = YES;
				GCC_WARN_ABOUT_RETURN_TYPE = YES_ERROR;
				GCC_WARN_UNDECLARED_SELECTOR = YES;
				GCC_WARN_UNINITIALIZED_AUTOS = YES_AGGRESSIVE;
				GCC_WARN_UNUSED_FUNCTION = YES;
				GCC_WARN_UNUSED_VARIABLE = YES;
				IPHONEOS_DEPLOYMENT_TARGET = 8.1;
				MTL_ENABLE_DEBUG_INFO = YES;
				ONLY_ACTIVE_ARCH = YES;
				SDKROOT = iphoneos;
				SWIFT_OPTIMIZATION_LEVEL = "-Onone";
				TARGETED_DEVICE_FAMILY = "1,2";
			};
			name = Debug;
		};
		F644944D1A156F9600704B85 /* Release */ = {
			isa = XCBuildConfiguration;
			buildSettings = {
				ALWAYS_SEARCH_USER_PATHS = NO;
				CLANG_CXX_LANGUAGE_STANDARD = "gnu++0x";
				CLANG_CXX_LIBRARY = "libc++";
				CLANG_ENABLE_MODULES = YES;
				CLANG_ENABLE_OBJC_ARC = YES;
				CLANG_WARN_BOOL_CONVERSION = YES;
				CLANG_WARN_CONSTANT_CONVERSION = YES;
				CLANG_WARN_DIRECT_OBJC_ISA_USAGE = YES_ERROR;
				CLANG_WARN_EMPTY_BODY = YES;
				CLANG_WARN_ENUM_CONVERSION = YES;
				CLANG_WARN_INT_CONVERSION = YES;
				CLANG_WARN_OBJC_ROOT_CLASS = YES_ERROR;
				CLANG_WARN_UNREACHABLE_CODE = YES;
				CLANG_WARN__DUPLICATE_METHOD_MATCH = YES;
				"CODE_SIGN_IDENTITY[sdk=iphoneos*]" = "iPhone Developer";
				COPY_PHASE_STRIP = YES;
				ENABLE_NS_ASSERTIONS = NO;
				ENABLE_STRICT_OBJC_MSGSEND = YES;
				GCC_C_LANGUAGE_STANDARD = gnu99;
				GCC_WARN_64_TO_32_BIT_CONVERSION = YES;
				GCC_WARN_ABOUT_RETURN_TYPE = YES_ERROR;
				GCC_WARN_UNDECLARED_SELECTOR = YES;
				GCC_WARN_UNINITIALIZED_AUTOS = YES_AGGRESSIVE;
				GCC_WARN_UNUSED_FUNCTION = YES;
				GCC_WARN_UNUSED_VARIABLE = YES;
				IPHONEOS_DEPLOYMENT_TARGET = 8.1;
				MTL_ENABLE_DEBUG_INFO = NO;
				SDKROOT = iphoneos;
				TARGETED_DEVICE_FAMILY = "1,2";
				VALIDATE_PRODUCT = YES;
			};
			name = Release;
		};
		F644944F1A156F9600704B85 /* Debug */ = {
			isa = XCBuildConfiguration;
			buildSettings = {
				ASSETCATALOG_COMPILER_APPICON_NAME = AppIcon;
				INFOPLIST_FILE = "Sleep Guard/Info.plist";
				LD_RUNPATH_SEARCH_PATHS = "$(inherited) @executable_path/Frameworks";
				PRODUCT_NAME = "$(TARGET_NAME)";
			};
			name = Debug;
		};
		F64494501A156F9600704B85 /* Release */ = {
			isa = XCBuildConfiguration;
			buildSettings = {
				ASSETCATALOG_COMPILER_APPICON_NAME = AppIcon;
				INFOPLIST_FILE = "Sleep Guard/Info.plist";
				LD_RUNPATH_SEARCH_PATHS = "$(inherited) @executable_path/Frameworks";
				PRODUCT_NAME = "$(TARGET_NAME)";
			};
			name = Release;
		};
		F64494521A156F9600704B85 /* Debug */ = {
			isa = XCBuildConfiguration;
			buildSettings = {
				BUNDLE_LOADER = "$(TEST_HOST)";
				FRAMEWORK_SEARCH_PATHS = (
					"$(SDKROOT)/Developer/Library/Frameworks",
					"$(inherited)",
				);
				GCC_PREPROCESSOR_DEFINITIONS = (
					"DEBUG=1",
					"$(inherited)",
				);
				INFOPLIST_FILE = "Sleep GuardTests/Info.plist";
				LD_RUNPATH_SEARCH_PATHS = "$(inherited) @executable_path/Frameworks @loader_path/Frameworks";
				PRODUCT_NAME = "$(TARGET_NAME)";
				TEST_HOST = "$(BUILT_PRODUCTS_DIR)/Sleep Guard.app/Sleep Guard";
			};
			name = Debug;
		};
		F64494531A156F9600704B85 /* Release */ = {
			isa = XCBuildConfiguration;
			buildSettings = {
				BUNDLE_LOADER = "$(TEST_HOST)";
				FRAMEWORK_SEARCH_PATHS = (
					"$(SDKROOT)/Developer/Library/Frameworks",
					"$(inherited)",
				);
				INFOPLIST_FILE = "Sleep GuardTests/Info.plist";
				LD_RUNPATH_SEARCH_PATHS = "$(inherited) @executable_path/Frameworks @loader_path/Frameworks";
				PRODUCT_NAME = "$(TARGET_NAME)";
				TEST_HOST = "$(BUILT_PRODUCTS_DIR)/Sleep Guard.app/Sleep Guard";
			};
			name = Release;
		};
/* End XCBuildConfiguration section */

/* Begin XCConfigurationList section */
		F64494271A156F9600704B85 /* Build configuration list for PBXProject "Sleep Guard" */ = {
			isa = XCConfigurationList;
			buildConfigurations = (
				F644944C1A156F9600704B85 /* Debug */,
				F644944D1A156F9600704B85 /* Release */,
			);
			defaultConfigurationIsVisible = 0;
			defaultConfigurationName = Release;
		};
		F644944E1A156F9600704B85 /* Build configuration list for PBXNativeTarget "Sleep Guard" */ = {
			isa = XCConfigurationList;
			buildConfigurations = (
				F644944F1A156F9600704B85 /* Debug */,
				F64494501A156F9600704B85 /* Release */,
			);
			defaultConfigurationIsVisible = 0;
		};
		F64494511A156F9600704B85 /* Build configuration list for PBXNativeTarget "Sleep GuardTests" */ = {
			isa = XCConfigurationList;
			buildConfigurations = (
				F64494521A156F9600704B85 /* Debug */,
				F64494531A156F9600704B85 /* Release */,
			);
			defaultConfigurationIsVisible = 0;
		};
/* End XCConfigurationList section */

/* Begin XCVersionGroup section */
		F64494331A156F9600704B85 /* Sleep_Guard.xcdatamodeld */ = {
			isa = XCVersionGroup;
			children = (
				F64494341A156F9600704B85 /* Sleep_Guard.xcdatamodel */,
			);
			currentVersion = F64494341A156F9600704B85 /* Sleep_Guard.xcdatamodel */;
			path = Sleep_Guard.xcdatamodeld;
			sourceTree = "<group>";
			versionGroupType = wrapper.xcdatamodel;
		};
/* End XCVersionGroup section */
	};
	rootObject = F64494241A156F9600704B85 /* Project object */;
}
